
Microsoft Visual Studio Solution File, Format Version 12.00
# Visual Studio Version 17
VisualStudioVersion = 17.5.002.0
MinimumVisualStudioVersion = 10.0.40219.1
Project("{9A19103F-16F7-4668-BE54-9A1E7A4F7556}") = "C#_1", "C#_1.csproj", "{41821695-5330-46B5-97F4-17BB0F5BCD8D}"
EndProject
Global
	GlobalSection(SolutionConfigurationPlatforms) = preSolution
		Debug|Any CPU = Debug|Any CPU
		Release|Any CPU = Release|Any CPU
	EndGlobalSection
	GlobalSection(ProjectConfigurationPlatforms) = postSolution
		{41821695-5330-46B5-97F4-17BB0F5BCD8D}.Debug|Any CPU.ActiveCfg = Debug|Any CPU
		{41821695-5330-46B5-97F4-17BB0F5BCD8D}.Debug|Any CPU.Build.0 = Debug|Any CPU
		{41821695-5330-46B5-97F4-17BB0F5BCD8D}.Release|Any CPU.ActiveCfg = Release|Any CPU
		{41821695-5330-46B5-97F4-17BB0F5BCD8D}.Release|Any CPU.Build.0 = Release|Any CPU
	EndGlobalSection
	GlobalSection(SolutionProperties) = preSolution
		HideSolutionNode = FALSE
	EndGlobalSection
	GlobalSection(ExtensibilityGlobals) = postSolution
		SolutionGuid = {86C9D693-F596-415B-BAC8-F1584953247D}
	EndGlobalSection
EndGlobal
